# THIS IS AN AUTOGENERATED FILE. DO NOT EDIT THIS FILE DIRECTLY.
# yarn lockfile v1


"@graphprotocol/graph-ts@^0.22.1":
  "integrity" "sha512-T5xrHN0tHJwd7ZnSTLhk5hAL3rCIp6rJ40kBCrETnv1mfK9hVyoojJK6VtBQXTbLsYtKe4SYjjD0cdOsAR9QiA=="
  "resolved" "https://registry.npmjs.org/@graphprotocol/graph-ts/-/graph-ts-0.22.1.tgz"
  "version" "0.22.1"
  dependencies:
    "assemblyscript" "0.19.10"

"@openzeppelin/contracts@4.3.2":
  "integrity" "sha512-AybF1cesONZStg5kWf6ao9OlqTZuPqddvprc0ky7lrUVOjXeKpmQ2Y9FK+6ygxasb+4aic4O5pneFBfwVsRRRg=="
  "resolved" "https://registry.npmjs.org/@openzeppelin/contracts/-/contracts-4.3.2.tgz"
  "version" "4.3.2"

"@types/node@^16.9.6":
  "integrity" "sha512-4/Z9DMPKFexZj/Gn3LylFgamNKHm4K3QDi0gz9B26Uk0c8izYf97B5fxfpspMNkWlFupblKM/nV8+NA9Ffvr+w=="
  "resolved" "https://registry.npmjs.org/@types/node/-/node-16.10.1.tgz"
  "version" "16.10.1"

"assemblyscript@0.19.10":
  "integrity" "sha512-HavcUBXB3mBTRGJcpvaQjmnmaqKHBGREjSPNsIvnAk2f9dj78y4BkMaSSdvBQYWcDDzsHQjyUC8stICFkD1Odg=="
  "resolved" "https://registry.npmjs.org/assemblyscript/-/assemblyscript-0.19.10.tgz"
  "version" "0.19.10"
  dependencies:
    "binaryen" "101.0.0-nightly.20210723"
    "long" "^4.0.0"

"binaryen@101.0.0-nightly.20210723":
  "integrity" "sha512-eioJNqhHlkguVSbblHOtLqlhtC882SOEPKmNFZaDuz1hzQjolxZ+eu3/kaS10n3sGPONsIZsO7R9fR00UyhEUA=="
  "resolved" "https://registry.npmjs.org/binaryen/-/binaryen-101.0.0-nightly.20210723.tgz"
  "version" "101.0.0-nightly.20210723"

"long@^4.0.0":
  "integrity" "sha512-XsP+KhQif4bjX1kbuSiySJFNAehNxgLb6hPRGJ9QsUr8ajHkuXGdrHmFUTUUXhDwVX2R5bY4JNZEwbUiMhV+MA=="
  "resolved" "https://registry.npmjs.org/long/-/long-4.0.0.tgz"
  "version" "4.0.0"

"mustache@^3.1.0":
  "integrity" "sha512-RERvMFdLpaFfSRIEe632yDm5nsd0SDKn8hGmcUwswnyiE5mtdZLDybtHAz6hjJhawokF0hXvGLtx9mrQfm6FkA=="
  "resolved" "https://registry.npmjs.org/mustache/-/mustache-3.2.1.tgz"
  "version" "3.2.1"
