lockfileVersion: 5.3

specifiers:
  '@rollup/plugin-commonjs': ^11.0.1
  '@rollup/plugin-node-resolve': ^7.0.0
  ethers: ^5.4.7
  ms: ^2.0.0
  rollup: ^1.29.0

dependencies:
  ethers: registry.npmjs.org/ethers/5.4.7
  ms: registry.npmjs.org/ms/2.1.3

devDependencies:
  '@rollup/plugin-commonjs': registry.npmjs.org/@rollup/plugin-commonjs/11.1.0_rollup@1.32.1
  '@rollup/plugin-node-resolve': registry.npmjs.org/@rollup/plugin-node-resolve/7.1.3_rollup@1.32.1
  rollup: registry.npmjs.org/rollup/1.32.1

packages:

  registry.npmjs.org/@ethersproject/abi/5.4.1:
    resolution: {integrity: sha512-9mhbjUk76BiSluiiW4BaYyI58KSbDMMQpCLdsAR+RsT2GyATiNYxVv+pGWRrekmsIdY3I+hOqsYQSTkc8L/mcg==, registry: https://registry.npmjs.com/, tarball: https://registry.npmjs.org/@ethersproject/abi/-/abi-5.4.1.tgz}
    name: '@ethersproject/abi'
    version: 5.4.1
    dependencies:
      '@ethersproject/address': registry.npmjs.org/@ethersproject/address/5.4.0
      '@ethersproject/bignumber': registry.npmjs.org/@ethersproject/bignumber/5.4.2
      '@ethersproject/bytes': registry.npmjs.org/@ethersproject/bytes/5.4.0
      '@ethersproject/constants': registry.npmjs.org/@ethersproject/constants/5.4.0
      '@ethersproject/hash': registry.npmjs.org/@ethersproject/hash/5.4.0
      '@ethersproject/keccak256': registry.npmjs.org/@ethersproject/keccak256/5.4.0
      '@ethersproject/logger': registry.npmjs.org/@ethersproject/logger/5.4.1
      '@ethersproject/properties': registry.npmjs.org/@ethersproject/properties/5.4.1
      '@ethersproject/strings': registry.npmjs.org/@ethersproject/strings/5.4.0
    dev: false

  registry.npmjs.org/@ethersproject/abstract-provider/5.4.1:
    resolution: {integrity: sha512-3EedfKI3LVpjSKgAxoUaI+gB27frKsxzm+r21w9G60Ugk+3wVLQwhi1LsEJAKNV7WoZc8CIpNrATlL1QFABjtQ==, registry: https://registry.npmjs.com/, tarball: https://registry.npmjs.org/@ethersproject/abstract-provider/-/abstract-provider-5.4.1.tgz}
    name: '@ethersproject/abstract-provider'
    version: 5.4.1
    dependencies:
      '@ethersproject/bignumber': registry.npmjs.org/@ethersproject/bignumber/5.4.2
      '@ethersproject/bytes': registry.npmjs.org/@ethersproject/bytes/5.4.0
      '@ethersproject/logger': registry.npmjs.org/@ethersproject/logger/5.4.1
      '@ethersproject/networks': registry.npmjs.org/@ethersproject/networks/5.4.2
      '@ethersproject/properties': registry.npmjs.org/@ethersproject/properties/5.4.1
      '@ethersproject/transactions': registry.npmjs.org/@ethersproject/transactions/5.4.0
      '@ethersproject/web': registry.npmjs.org/@ethersproject/web/5.4.0
    dev: false

  registry.npmjs.org/@ethersproject/abstract-signer/5.4.1:
    resolution: {integrity: sha512-SkkFL5HVq1k4/25dM+NWP9MILgohJCgGv5xT5AcRruGz4ILpfHeBtO/y6j+Z3UN/PAjDeb4P7E51Yh8wcGNLGA==, registry: https://registry.npmjs.com/, tarball: https://registry.npmjs.org/@ethersproject/abstract-signer/-/abstract-signer-5.4.1.tgz}
    name: '@ethersproject/abstract-signer'
    version: 5.4.1
    dependencies:
      '@ethersproject/abstract-provider': registry.npmjs.org/@ethersproject/abstract-provider/5.4.1
      '@ethersproject/bignumber': registry.npmjs.org/@ethersproject/bignumber/5.4.2
      '@ethersproject/bytes': registry.npmjs.org/@ethersproject/bytes/5.4.0
      '@ethersproject/logger': registry.npmjs.org/@ethersproject/logger/5.4.1
      '@ethersproject/properties': registry.npmjs.org/@ethersproject/properties/5.4.1
    dev: false

  registry.npmjs.org/@ethersproject/address/5.4.0:
    resolution: {integrity: sha512-SD0VgOEkcACEG/C6xavlU1Hy3m5DGSXW3CUHkaaEHbAPPsgi0coP5oNPsxau8eTlZOk/bpa/hKeCNoK5IzVI2Q==, registry: https://registry.npmjs.com/, tarball: https://registry.npmjs.org/@ethersproject/address/-/address-5.4.0.tgz}
    name: '@ethersproject/address'
    version: 5.4.0
    dependencies:
      '@ethersproject/bignumber': registry.npmjs.org/@ethersproject/bignumber/5.4.2
      '@ethersproject/bytes': registry.npmjs.org/@ethersproject/bytes/5.4.0
      '@ethersproject/keccak256': registry.npmjs.org/@ethersproject/keccak256/5.4.0
      '@ethersproject/logger': registry.npmjs.org/@ethersproject/logger/5.4.1
      '@ethersproject/rlp': registry.npmjs.org/@ethersproject/rlp/5.4.0
    dev: false

  registry.npmjs.org/@ethersproject/base64/5.4.0:
    resolution: {integrity: sha512-CjQw6E17QDSSC5jiM9YpF7N1aSCHmYGMt9bWD8PWv6YPMxjsys2/Q8xLrROKI3IWJ7sFfZ8B3flKDTM5wlWuZQ==, registry: https://registry.npmjs.com/, tarball: https://registry.npmjs.org/@ethersproject/base64/-/base64-5.4.0.tgz}
    name: '@ethersproject/base64'
    version: 5.4.0
    dependencies:
      '@ethersproject/bytes': registry.npmjs.org/@ethersproject/bytes/5.4.0
    dev: false

  registry.npmjs.org/@ethersproject/basex/5.4.0:
    resolution: {integrity: sha512-J07+QCVJ7np2bcpxydFVf/CuYo9mZ7T73Pe7KQY4c1lRlrixMeblauMxHXD0MPwFmUHZIILDNViVkykFBZylbg==, registry: https://registry.npmjs.com/, tarball: https://registry.npmjs.org/@ethersproject/basex/-/basex-5.4.0.tgz}
    name: '@ethersproject/basex'
    version: 5.4.0
    dependencies:
      '@ethersproject/bytes': registry.npmjs.org/@ethersproject/bytes/5.4.0
      '@ethersproject/properties': registry.npmjs.org/@ethersproject/properties/5.4.1
    dev: false

  registry.npmjs.org/@ethersproject/bignumber/5.4.2:
    resolution: {integrity: sha512-oIBDhsKy5bs7j36JlaTzFgNPaZjiNDOXsdSgSpXRucUl+UA6L/1YLlFeI3cPAoodcenzF4nxNPV13pcy7XbWjA==, registry: https://registry.npmjs.com/, tarball: https://registry.npmjs.org/@ethersproject/bignumber/-/bignumber-5.4.2.tgz}
    name: '@ethersproject/bignumber'
    version: 5.4.2
    dependencies:
      '@ethersproject/bytes': registry.npmjs.org/@ethersproject/bytes/5.4.0
      '@ethersproject/logger': registry.npmjs.org/@ethersproject/logger/5.4.1
      bn.js: registry.npmjs.org/bn.js/4.12.0
    dev: false

  registry.npmjs.org/@ethersproject/bytes/5.4.0:
    resolution: {integrity: sha512-H60ceqgTHbhzOj4uRc/83SCN9d+BSUnOkrr2intevqdtEMO1JFVZ1XL84OEZV+QjV36OaZYxtnt4lGmxcGsPfA==, registry: https://registry.npmjs.com/, tarball: https://registry.npmjs.org/@ethersproject/bytes/-/bytes-5.4.0.tgz}
    name: '@ethersproject/bytes'
    version: 5.4.0
    dependencies:
      '@ethersproject/logger': registry.npmjs.org/@ethersproject/logger/5.4.1
    dev: false

  registry.npmjs.org/@ethersproject/constants/5.4.0:
    resolution: {integrity: sha512-tzjn6S7sj9+DIIeKTJLjK9WGN2Tj0P++Z8ONEIlZjyoTkBuODN+0VfhAyYksKi43l1Sx9tX2VlFfzjfmr5Wl3Q==, registry: https://registry.npmjs.com/, tarball: https://registry.npmjs.org/@ethersproject/constants/-/constants-5.4.0.tgz}
    name: '@ethersproject/constants'
    version: 5.4.0
    dependencies:
      '@ethersproject/bignumber': registry.npmjs.org/@ethersproject/bignumber/5.4.2
    dev: false

  registry.npmjs.org/@ethersproject/contracts/5.4.1:
    resolution: {integrity: sha512-m+z2ZgPy4pyR15Je//dUaymRUZq5MtDajF6GwFbGAVmKz/RF+DNIPwF0k5qEcL3wPGVqUjFg2/krlCRVTU4T5w==, registry: https://registry.npmjs.com/, tarball: https://registry.npmjs.org/@ethersproject/contracts/-/contracts-5.4.1.tgz}
    name: '@ethersproject/contracts'
    version: 5.4.1
    dependencies:
      '@ethersproject/abi': registry.npmjs.org/@ethersproject/abi/5.4.1
      '@ethersproject/abstract-provider': registry.npmjs.org/@ethersproject/abstract-provider/5.4.1
      '@ethersproject/abstract-signer': registry.npmjs.org/@ethersproject/abstract-signer/5.4.1
      '@ethersproject/address': registry.npmjs.org/@ethersproject/address/5.4.0
      '@ethersproject/bignumber': registry.npmjs.org/@ethersproject/bignumber/5.4.2
      '@ethersproject/bytes': registry.npmjs.org/@ethersproject/bytes/5.4.0
      '@ethersproject/constants': registry.npmjs.org/@ethersproject/constants/5.4.0
      '@ethersproject/logger': registry.npmjs.org/@ethersproject/logger/5.4.1
      '@ethersproject/properties': registry.npmjs.org/@ethersproject/properties/5.4.1
      '@ethersproject/transactions': registry.npmjs.org/@ethersproject/transactions/5.4.0
    dev: false

  registry.npmjs.org/@ethersproject/hash/5.4.0:
    resolution: {integrity: sha512-xymAM9tmikKgbktOCjW60Z5sdouiIIurkZUr9oW5NOex5uwxrbsYG09kb5bMcNjlVeJD3yPivTNzViIs1GCbqA==, registry: https://registry.npmjs.com/, tarball: https://registry.npmjs.org/@ethersproject/hash/-/hash-5.4.0.tgz}
    name: '@ethersproject/hash'
    version: 5.4.0
    dependencies:
      '@ethersproject/abstract-signer': registry.npmjs.org/@ethersproject/abstract-signer/5.4.1
      '@ethersproject/address': registry.npmjs.org/@ethersproject/address/5.4.0
      '@ethersproject/bignumber': registry.npmjs.org/@ethersproject/bignumber/5.4.2
      '@ethersproject/bytes': registry.npmjs.org/@ethersproject/bytes/5.4.0
      '@ethersproject/keccak256': registry.npmjs.org/@ethersproject/keccak256/5.4.0
      '@ethersproject/logger': registry.npmjs.org/@ethersproject/logger/5.4.1
      '@ethersproject/properties': registry.npmjs.org/@ethersproject/properties/5.4.1
      '@ethersproject/strings': registry.npmjs.org/@ethersproject/strings/5.4.0
    dev: false

  registry.npmjs.org/@ethersproject/hdnode/5.4.0:
    resolution: {integrity: sha512-pKxdS0KAaeVGfZPp1KOiDLB0jba11tG6OP1u11QnYfb7pXn6IZx0xceqWRr6ygke8+Kw74IpOoSi7/DwANhy8Q==, registry: https://registry.npmjs.com/, tarball: https://registry.npmjs.org/@ethersproject/hdnode/-/hdnode-5.4.0.tgz}
    name: '@ethersproject/hdnode'
    version: 5.4.0
    dependencies:
      '@ethersproject/abstract-signer': registry.npmjs.org/@ethersproject/abstract-signer/5.4.1
      '@ethersproject/basex': registry.npmjs.org/@ethersproject/basex/5.4.0
      '@ethersproject/bignumber': registry.npmjs.org/@ethersproject/bignumber/5.4.2
      '@ethersproject/bytes': registry.npmjs.org/@ethersproject/bytes/5.4.0
      '@ethersproject/logger': registry.npmjs.org/@ethersproject/logger/5.4.1
      '@ethersproject/pbkdf2': registry.npmjs.org/@ethersproject/pbkdf2/5.4.0
      '@ethersproject/properties': registry.npmjs.org/@ethersproject/properties/5.4.1
      '@ethersproject/sha2': registry.npmjs.org/@ethersproject/sha2/5.4.0
      '@ethersproject/signing-key': registry.npmjs.org/@ethersproject/signing-key/5.4.0
      '@ethersproject/strings': registry.npmjs.org/@ethersproject/strings/5.4.0
      '@ethersproject/transactions': registry.npmjs.org/@ethersproject/transactions/5.4.0
      '@ethersproject/wordlists': registry.npmjs.org/@ethersproject/wordlists/5.4.0
    dev: false

  registry.npmjs.org/@ethersproject/json-wallets/5.4.0:
    resolution: {integrity: sha512-igWcu3fx4aiczrzEHwG1xJZo9l1cFfQOWzTqwRw/xcvxTk58q4f9M7cjh51EKphMHvrJtcezJ1gf1q1AUOfEQQ==, registry: https://registry.npmjs.com/, tarball: https://registry.npmjs.org/@ethersproject/json-wallets/-/json-wallets-5.4.0.tgz}
    name: '@ethersproject/json-wallets'
    version: 5.4.0
    dependencies:
      '@ethersproject/abstract-signer': registry.npmjs.org/@ethersproject/abstract-signer/5.4.1
      '@ethersproject/address': registry.npmjs.org/@ethersproject/address/5.4.0
      '@ethersproject/bytes': registry.npmjs.org/@ethersproject/bytes/5.4.0
      '@ethersproject/hdnode': registry.npmjs.org/@ethersproject/hdnode/5.4.0
      '@ethersproject/keccak256': registry.npmjs.org/@ethersproject/keccak256/5.4.0
      '@ethersproject/logger': registry.npmjs.org/@ethersproject/logger/5.4.1
      '@ethersproject/pbkdf2': registry.npmjs.org/@ethersproject/pbkdf2/5.4.0
      '@ethersproject/properties': registry.npmjs.org/@ethersproject/properties/5.4.1
      '@ethersproject/random': registry.npmjs.org/@ethersproject/random/5.4.0
      '@ethersproject/strings': registry.npmjs.org/@ethersproject/strings/5.4.0
      '@ethersproject/transactions': registry.npmjs.org/@ethersproject/transactions/5.4.0
      aes-js: registry.npmjs.org/aes-js/3.0.0
      scrypt-js: registry.npmjs.org/scrypt-js/3.0.1
    dev: false

  registry.npmjs.org/@ethersproject/keccak256/5.4.0:
    resolution: {integrity: sha512-FBI1plWet+dPUvAzPAeHzRKiPpETQzqSUWR1wXJGHVWi4i8bOSrpC3NwpkPjgeXG7MnugVc1B42VbfnQikyC/A==, registry: https://registry.npmjs.com/, tarball: https://registry.npmjs.org/@ethersproject/keccak256/-/keccak256-5.4.0.tgz}
    name: '@ethersproject/keccak256'
    version: 5.4.0
    dependencies:
      '@ethersproject/bytes': registry.npmjs.org/@ethersproject/bytes/5.4.0
      js-sha3: registry.npmjs.org/js-sha3/0.5.7
    dev: false

  registry.npmjs.org/@ethersproject/logger/5.4.1:
    resolution: {integrity: sha512-DZ+bRinnYLPw1yAC64oRl0QyVZj43QeHIhVKfD/+YwSz4wsv1pfwb5SOFjz+r710YEWzU6LrhuSjpSO+6PeE4A==, registry: https://registry.npmjs.com/, tarball: https://registry.npmjs.org/@ethersproject/logger/-/logger-5.4.1.tgz}
    name: '@ethersproject/logger'
    version: 5.4.1
    dev: false

  registry.npmjs.org/@ethersproject/networks/5.4.2:
    resolution: {integrity: sha512-eekOhvJyBnuibfJnhtK46b8HimBc5+4gqpvd1/H9LEl7Q7/qhsIhM81dI9Fcnjpk3jB1aTy6bj0hz3cifhNeYw==, registry: https://registry.npmjs.com/, tarball: https://registry.npmjs.org/@ethersproject/networks/-/networks-5.4.2.tgz}
    name: '@ethersproject/networks'
    version: 5.4.2
    dependencies:
      '@ethersproject/logger': registry.npmjs.org/@ethersproject/logger/5.4.1
    dev: false

  registry.npmjs.org/@ethersproject/pbkdf2/5.4.0:
    resolution: {integrity: sha512-x94aIv6tiA04g6BnazZSLoRXqyusawRyZWlUhKip2jvoLpzJuLb//KtMM6PEovE47pMbW+Qe1uw+68ameJjB7g==, registry: https://registry.npmjs.com/, tarball: https://registry.npmjs.org/@ethersproject/pbkdf2/-/pbkdf2-5.4.0.tgz}
    name: '@ethersproject/pbkdf2'
    version: 5.4.0
    dependencies:
      '@ethersproject/bytes': registry.npmjs.org/@ethersproject/bytes/5.4.0
      '@ethersproject/sha2': registry.npmjs.org/@ethersproject/sha2/5.4.0
    dev: false

  registry.npmjs.org/@ethersproject/properties/5.4.1:
    resolution: {integrity: sha512-cyCGlF8wWlIZyizsj2PpbJ9I7rIlUAfnHYwy/T90pdkSn/NFTa5YWZx2wTJBe9V7dD65dcrrEMisCRUJiq6n3w==, registry: https://registry.npmjs.com/, tarball: https://registry.npmjs.org/@ethersproject/properties/-/properties-5.4.1.tgz}
    name: '@ethersproject/properties'
    version: 5.4.1
    dependencies:
      '@ethersproject/logger': registry.npmjs.org/@ethersproject/logger/5.4.1
    dev: false

  registry.npmjs.org/@ethersproject/providers/5.4.5:
    resolution: {integrity: sha512-1GkrvkiAw3Fj28cwi1Sqm8ED1RtERtpdXmRfwIBGmqBSN5MoeRUHuwHPppMtbPayPgpFcvD7/Gdc9doO5fGYgw==, registry: https://registry.npmjs.com/, tarball: https://registry.npmjs.org/@ethersproject/providers/-/providers-5.4.5.tgz}
    name: '@ethersproject/providers'
    version: 5.4.5
    dependencies:
      '@ethersproject/abstract-provider': registry.npmjs.org/@ethersproject/abstract-provider/5.4.1
      '@ethersproject/abstract-signer': registry.npmjs.org/@ethersproject/abstract-signer/5.4.1
      '@ethersproject/address': registry.npmjs.org/@ethersproject/address/5.4.0
      '@ethersproject/basex': registry.npmjs.org/@ethersproject/basex/5.4.0
      '@ethersproject/bignumber': registry.npmjs.org/@ethersproject/bignumber/5.4.2
      '@ethersproject/bytes': registry.npmjs.org/@ethersproject/bytes/5.4.0
      '@ethersproject/constants': registry.npmjs.org/@ethersproject/constants/5.4.0
      '@ethersproject/hash': registry.npmjs.org/@ethersproject/hash/5.4.0
      '@ethersproject/logger': registry.npmjs.org/@ethersproject/logger/5.4.1
      '@ethersproject/networks': registry.npmjs.org/@ethersproject/networks/5.4.2
      '@ethersproject/properties': registry.npmjs.org/@ethersproject/properties/5.4.1
      '@ethersproject/random': registry.npmjs.org/@ethersproject/random/5.4.0
      '@ethersproject/rlp': registry.npmjs.org/@ethersproject/rlp/5.4.0
      '@ethersproject/sha2': registry.npmjs.org/@ethersproject/sha2/5.4.0
      '@ethersproject/strings': registry.npmjs.org/@ethersproject/strings/5.4.0
      '@ethersproject/transactions': registry.npmjs.org/@ethersproject/transactions/5.4.0
      '@ethersproject/web': registry.npmjs.org/@ethersproject/web/5.4.0
      bech32: registry.npmjs.org/bech32/1.1.4
      ws: registry.npmjs.org/ws/7.4.6
    transitivePeerDependencies:
      - bufferutil
      - utf-8-validate
    dev: false

  registry.npmjs.org/@ethersproject/random/5.4.0:
    resolution: {integrity: sha512-pnpWNQlf0VAZDEOVp1rsYQosmv2o0ITS/PecNw+mS2/btF8eYdspkN0vIXrCMtkX09EAh9bdk8GoXmFXM1eAKw==, registry: https://registry.npmjs.com/, tarball: https://registry.npmjs.org/@ethersproject/random/-/random-5.4.0.tgz}
    name: '@ethersproject/random'
    version: 5.4.0
    dependencies:
      '@ethersproject/bytes': registry.npmjs.org/@ethersproject/bytes/5.4.0
      '@ethersproject/logger': registry.npmjs.org/@ethersproject/logger/5.4.1
    dev: false

  registry.npmjs.org/@ethersproject/rlp/5.4.0:
    resolution: {integrity: sha512-0I7MZKfi+T5+G8atId9QaQKHRvvasM/kqLyAH4XxBCBchAooH2EX5rL9kYZWwcm3awYV+XC7VF6nLhfeQFKVPg==, registry: https://registry.npmjs.com/, tarball: https://registry.npmjs.org/@ethersproject/rlp/-/rlp-5.4.0.tgz}
    name: '@ethersproject/rlp'
    version: 5.4.0
    dependencies:
      '@ethersproject/bytes': registry.npmjs.org/@ethersproject/bytes/5.4.0
      '@ethersproject/logger': registry.npmjs.org/@ethersproject/logger/5.4.1
    dev: false

  registry.npmjs.org/@ethersproject/sha2/5.4.0:
    resolution: {integrity: sha512-siheo36r1WD7Cy+bDdE1BJ8y0bDtqXCOxRMzPa4bV1TGt/eTUUt03BHoJNB6reWJD8A30E/pdJ8WFkq+/uz4Gg==, registry: https://registry.npmjs.com/, tarball: https://registry.npmjs.org/@ethersproject/sha2/-/sha2-5.4.0.tgz}
    name: '@ethersproject/sha2'
    version: 5.4.0
    dependencies:
      '@ethersproject/bytes': registry.npmjs.org/@ethersproject/bytes/5.4.0
      '@ethersproject/logger': registry.npmjs.org/@ethersproject/logger/5.4.1
      hash.js: registry.npmjs.org/hash.js/1.1.7
    dev: false

  registry.npmjs.org/@ethersproject/signing-key/5.4.0:
    resolution: {integrity: sha512-q8POUeywx6AKg2/jX9qBYZIAmKSB4ubGXdQ88l40hmATj29JnG5pp331nAWwwxPn2Qao4JpWHNZsQN+bPiSW9A==, registry: https://registry.npmjs.com/, tarball: https://registry.npmjs.org/@ethersproject/signing-key/-/signing-key-5.4.0.tgz}
    name: '@ethersproject/signing-key'
    version: 5.4.0
    dependencies:
      '@ethersproject/bytes': registry.npmjs.org/@ethersproject/bytes/5.4.0
      '@ethersproject/logger': registry.npmjs.org/@ethersproject/logger/5.4.1
      '@ethersproject/properties': registry.npmjs.org/@ethersproject/properties/5.4.1
      bn.js: registry.npmjs.org/bn.js/4.12.0
      elliptic: registry.npmjs.org/elliptic/6.5.4
      hash.js: registry.npmjs.org/hash.js/1.1.7
    dev: false

  registry.npmjs.org/@ethersproject/solidity/5.4.0:
    resolution: {integrity: sha512-XFQTZ7wFSHOhHcV1DpcWj7VXECEiSrBuv7JErJvB9Uo+KfCdc3QtUZV+Vjh/AAaYgezUEKbCtE6Khjm44seevQ==, registry: https://registry.npmjs.com/, tarball: https://registry.npmjs.org/@ethersproject/solidity/-/solidity-5.4.0.tgz}
    name: '@ethersproject/solidity'
    version: 5.4.0
    dependencies:
      '@ethersproject/bignumber': registry.npmjs.org/@ethersproject/bignumber/5.4.2
      '@ethersproject/bytes': registry.npmjs.org/@ethersproject/bytes/5.4.0
      '@ethersproject/keccak256': registry.npmjs.org/@ethersproject/keccak256/5.4.0
      '@ethersproject/sha2': registry.npmjs.org/@ethersproject/sha2/5.4.0
      '@ethersproject/strings': registry.npmjs.org/@ethersproject/strings/5.4.0
    dev: false

  registry.npmjs.org/@ethersproject/strings/5.4.0:
    resolution: {integrity: sha512-k/9DkH5UGDhv7aReXLluFG5ExurwtIpUfnDNhQA29w896Dw3i4uDTz01Quaptbks1Uj9kI8wo9tmW73wcIEaWA==, registry: https://registry.npmjs.com/, tarball: https://registry.npmjs.org/@ethersproject/strings/-/strings-5.4.0.tgz}
    name: '@ethersproject/strings'
    version: 5.4.0
    dependencies:
      '@ethersproject/bytes': registry.npmjs.org/@ethersproject/bytes/5.4.0
      '@ethersproject/constants': registry.npmjs.org/@ethersproject/constants/5.4.0
      '@ethersproject/logger': registry.npmjs.org/@ethersproject/logger/5.4.1
    dev: false

  registry.npmjs.org/@ethersproject/transactions/5.4.0:
    resolution: {integrity: sha512-s3EjZZt7xa4BkLknJZ98QGoIza94rVjaEed0rzZ/jB9WrIuu/1+tjvYCWzVrystXtDswy7TPBeIepyXwSYa4WQ==, registry: https://registry.npmjs.com/, tarball: https://registry.npmjs.org/@ethersproject/transactions/-/transactions-5.4.0.tgz}
    name: '@ethersproject/transactions'
    version: 5.4.0
    dependencies:
      '@ethersproject/address': registry.npmjs.org/@ethersproject/address/5.4.0
      '@ethersproject/bignumber': registry.npmjs.org/@ethersproject/bignumber/5.4.2
      '@ethersproject/bytes': registry.npmjs.org/@ethersproject/bytes/5.4.0
      '@ethersproject/constants': registry.npmjs.org/@ethersproject/constants/5.4.0
      '@ethersproject/keccak256': registry.npmjs.org/@ethersproject/keccak256/5.4.0
      '@ethersproject/logger': registry.npmjs.org/@ethersproject/logger/5.4.1
      '@ethersproject/properties': registry.npmjs.org/@ethersproject/properties/5.4.1
      '@ethersproject/rlp': registry.npmjs.org/@ethersproject/rlp/5.4.0
      '@ethersproject/signing-key': registry.npmjs.org/@ethersproject/signing-key/5.4.0
    dev: false

  registry.npmjs.org/@ethersproject/units/5.4.0:
    resolution: {integrity: sha512-Z88krX40KCp+JqPCP5oPv5p750g+uU6gopDYRTBGcDvOASh6qhiEYCRatuM/suC4S2XW9Zz90QI35MfSrTIaFg==, registry: https://registry.npmjs.com/, tarball: https://registry.npmjs.org/@ethersproject/units/-/units-5.4.0.tgz}
    name: '@ethersproject/units'
    version: 5.4.0
    dependencies:
      '@ethersproject/bignumber': registry.npmjs.org/@ethersproject/bignumber/5.4.2
      '@ethersproject/constants': registry.npmjs.org/@ethersproject/constants/5.4.0
      '@ethersproject/logger': registry.npmjs.org/@ethersproject/logger/5.4.1
    dev: false

  registry.npmjs.org/@ethersproject/wallet/5.4.0:
    resolution: {integrity: sha512-wU29majLjM6AjCjpat21mPPviG+EpK7wY1+jzKD0fg3ui5fgedf2zEu1RDgpfIMsfn8fJHJuzM4zXZ2+hSHaSQ==, registry: https://registry.npmjs.com/, tarball: https://registry.npmjs.org/@ethersproject/wallet/-/wallet-5.4.0.tgz}
    name: '@ethersproject/wallet'
    version: 5.4.0
    dependencies:
      '@ethersproject/abstract-provider': registry.npmjs.org/@ethersproject/abstract-provider/5.4.1
      '@ethersproject/abstract-signer': registry.npmjs.org/@ethersproject/abstract-signer/5.4.1
      '@ethersproject/address': registry.npmjs.org/@ethersproject/address/5.4.0
      '@ethersproject/bignumber': registry.npmjs.org/@ethersproject/bignumber/5.4.2
      '@ethersproject/bytes': registry.npmjs.org/@ethersproject/bytes/5.4.0
      '@ethersproject/hash': registry.npmjs.org/@ethersproject/hash/5.4.0
      '@ethersproject/hdnode': registry.npmjs.org/@ethersproject/hdnode/5.4.0
      '@ethersproject/json-wallets': registry.npmjs.org/@ethersproject/json-wallets/5.4.0
      '@ethersproject/keccak256': registry.npmjs.org/@ethersproject/keccak256/5.4.0
      '@ethersproject/logger': registry.npmjs.org/@ethersproject/logger/5.4.1
      '@ethersproject/properties': registry.npmjs.org/@ethersproject/properties/5.4.1
      '@ethersproject/random': registry.npmjs.org/@ethersproject/random/5.4.0
      '@ethersproject/signing-key': registry.npmjs.org/@ethersproject/signing-key/5.4.0
      '@ethersproject/transactions': registry.npmjs.org/@ethersproject/transactions/5.4.0
      '@ethersproject/wordlists': registry.npmjs.org/@ethersproject/wordlists/5.4.0
    dev: false

  registry.npmjs.org/@ethersproject/web/5.4.0:
    resolution: {integrity: sha512-1bUusGmcoRLYgMn6c1BLk1tOKUIFuTg8j+6N8lYlbMpDesnle+i3pGSagGNvwjaiLo4Y5gBibwctpPRmjrh4Og==, registry: https://registry.npmjs.com/, tarball: https://registry.npmjs.org/@ethersproject/web/-/web-5.4.0.tgz}
    name: '@ethersproject/web'
    version: 5.4.0
    dependencies:
      '@ethersproject/base64': registry.npmjs.org/@ethersproject/base64/5.4.0
      '@ethersproject/bytes': registry.npmjs.org/@ethersproject/bytes/5.4.0
      '@ethersproject/logger': registry.npmjs.org/@ethersproject/logger/5.4.1
      '@ethersproject/properties': registry.npmjs.org/@ethersproject/properties/5.4.1
      '@ethersproject/strings': registry.npmjs.org/@ethersproject/strings/5.4.0
    dev: false

  registry.npmjs.org/@ethersproject/wordlists/5.4.0:
    resolution: {integrity: sha512-FemEkf6a+EBKEPxlzeVgUaVSodU7G0Na89jqKjmWMlDB0tomoU8RlEMgUvXyqtrg8N4cwpLh8nyRnm1Nay1isA==, registry: https://registry.npmjs.com/, tarball: https://registry.npmjs.org/@ethersproject/wordlists/-/wordlists-5.4.0.tgz}
    name: '@ethersproject/wordlists'
    version: 5.4.0
    dependencies:
      '@ethersproject/bytes': registry.npmjs.org/@ethersproject/bytes/5.4.0
      '@ethersproject/hash': registry.npmjs.org/@ethersproject/hash/5.4.0
      '@ethersproject/logger': registry.npmjs.org/@ethersproject/logger/5.4.1
      '@ethersproject/properties': registry.npmjs.org/@ethersproject/properties/5.4.1
      '@ethersproject/strings': registry.npmjs.org/@ethersproject/strings/5.4.0
    dev: false

  registry.npmjs.org/@rollup/plugin-commonjs/11.1.0_rollup@1.32.1:
    resolution: {integrity: sha512-Ycr12N3ZPN96Fw2STurD21jMqzKwL9QuFhms3SD7KKRK7oaXUsBU9Zt0jL/rOPHiPYisI21/rXGO3jr9BnLHUA==, registry: https://registry.npmjs.com/, tarball: https://registry.npmjs.org/@rollup/plugin-commonjs/-/plugin-commonjs-11.1.0.tgz}
    id: registry.npmjs.org/@rollup/plugin-commonjs/11.1.0
    name: '@rollup/plugin-commonjs'
    version: 11.1.0
    engines: {node: '>= 8.0.0'}
    peerDependencies:
      rollup: ^1.20.0||^2.0.0
    dependencies:
      '@rollup/pluginutils': registry.npmjs.org/@rollup/pluginutils/3.1.0_rollup@1.32.1
      commondir: registry.npmjs.org/commondir/1.0.1
      estree-walker: registry.npmjs.org/estree-walker/1.0.1
      glob: registry.npmjs.org/glob/7.2.0
      is-reference: registry.npmjs.org/is-reference/1.2.1
      magic-string: registry.npmjs.org/magic-string/0.25.7
      resolve: registry.npmjs.org/resolve/1.20.0
      rollup: registry.npmjs.org/rollup/1.32.1
    dev: true

  registry.npmjs.org/@rollup/plugin-node-resolve/7.1.3_rollup@1.32.1:
    resolution: {integrity: sha512-RxtSL3XmdTAE2byxekYLnx+98kEUOrPHF/KRVjLH+DEIHy6kjIw7YINQzn+NXiH/NTrQLAwYs0GWB+csWygA9Q==, registry: https://registry.npmjs.com/, tarball: https://registry.npmjs.org/@rollup/plugin-node-resolve/-/plugin-node-resolve-7.1.3.tgz}
    id: registry.npmjs.org/@rollup/plugin-node-resolve/7.1.3
    name: '@rollup/plugin-node-resolve'
    version: 7.1.3
    engines: {node: '>= 8.0.0'}
    peerDependencies:
      rollup: ^1.20.0||^2.0.0
    dependencies:
      '@rollup/pluginutils': registry.npmjs.org/@rollup/pluginutils/3.1.0_rollup@1.32.1
      '@types/resolve': registry.npmjs.org/@types/resolve/0.0.8
      builtin-modules: registry.npmjs.org/builtin-modules/3.2.0
      is-module: registry.npmjs.org/is-module/1.0.0
      resolve: registry.npmjs.org/resolve/1.20.0
      rollup: registry.npmjs.org/rollup/1.32.1
    dev: true

  registry.npmjs.org/@rollup/pluginutils/3.1.0_rollup@1.32.1:
    resolution: {integrity: sha512-GksZ6pr6TpIjHm8h9lSQ8pi8BE9VeubNT0OMJ3B5uZJ8pz73NPiqOtCog/x2/QzM1ENChPKxMDhiQuRHsqc+lg==, registry: https://registry.npmjs.com/, tarball: https://registry.npmjs.org/@rollup/pluginutils/-/pluginutils-3.1.0.tgz}
    id: registry.npmjs.org/@rollup/pluginutils/3.1.0
    name: '@rollup/pluginutils'
    version: 3.1.0
    engines: {node: '>= 8.0.0'}
    peerDependencies:
      rollup: ^1.20.0||^2.0.0
    dependencies:
      '@types/estree': registry.npmjs.org/@types/estree/0.0.39
      estree-walker: registry.npmjs.org/estree-walker/1.0.1
      picomatch: registry.npmjs.org/picomatch/2.3.0
      rollup: registry.npmjs.org/rollup/1.32.1
    dev: true

  registry.npmjs.org/@types/estree/0.0.39:
    resolution: {integrity: sha512-EYNwp3bU+98cpU4lAWYYL7Zz+2gryWH1qbdDTidVd6hkiR6weksdbMadyXKXNPEkQFhXM+hVO9ZygomHXp+AIw==, registry: https://registry.npmjs.com/, tarball: https://registry.npmjs.org/@types/estree/-/estree-0.0.39.tgz}
    name: '@types/estree'
    version: 0.0.39
    dev: true

  registry.npmjs.org/@types/estree/0.0.50:
    resolution: {integrity: sha512-C6N5s2ZFtuZRj54k2/zyRhNDjJwwcViAM3Nbm8zjBpbqAdZ00mr0CFxvSKeO8Y/e03WVFLpQMdHYVfUd6SB+Hw==, registry: https://registry.npmjs.com/, tarball: https://registry.npmjs.org/@types/estree/-/estree-0.0.50.tgz}
    name: '@types/estree'
    version: 0.0.50
    dev: true

  registry.npmjs.org/@types/node/16.10.1:
    resolution: {integrity: sha512-4/Z9DMPKFexZj/Gn3LylFgamNKHm4K3QDi0gz9B26Uk0c8izYf97B5fxfpspMNkWlFupblKM/nV8+NA9Ffvr+w==, registry: https://registry.npmjs.com/, tarball: https://registry.npmjs.org/@types/node/-/node-16.10.1.tgz}
    name: '@types/node'
    version: 16.10.1
    dev: true

  registry.npmjs.org/@types/resolve/0.0.8:
    resolution: {integrity: sha512-auApPaJf3NPfe18hSoJkp8EbZzer2ISk7o8mCC3M9he/a04+gbMF97NkpD2S8riMGvm4BMRI59/SZQSaLTKpsQ==, registry: https://registry.npmjs.com/, tarball: https://registry.npmjs.org/@types/resolve/-/resolve-0.0.8.tgz}
    name: '@types/resolve'
    version: 0.0.8
    dependencies:
      '@types/node': registry.npmjs.org/@types/node/16.10.1
    dev: true

  registry.npmjs.org/acorn/7.4.1:
    resolution: {integrity: sha512-nQyp0o1/mNdbTO1PO6kHkwSrmgZ0MT/jCCpNiwbUjGoRN4dlBhqJtoQuCnEOKzgTVwg0ZWiCoQy6SxMebQVh8A==, registry: https://registry.npmjs.com/, tarball: https://registry.npmjs.org/acorn/-/acorn-7.4.1.tgz}
    name: acorn
    version: 7.4.1
    engines: {node: '>=0.4.0'}
    hasBin: true
    dev: true

  registry.npmjs.org/aes-js/3.0.0:
    resolution: {integrity: sha1-4h3xCtbCBTKVvLuNq0Cwnb6ofk0=, registry: https://registry.npmjs.com/, tarball: https://registry.npmjs.org/aes-js/-/aes-js-3.0.0.tgz}
    name: aes-js
    version: 3.0.0
    dev: false

  registry.npmjs.org/balanced-match/1.0.2:
    resolution: {integrity: sha512-3oSeUO0TMV67hN1AmbXsK4yaqU7tjiHlbxRDZOpH0KW9+CeX4bRAaX0Anxt0tx2MrpRpWwQaPwIlISEJhYU5Pw==, registry: https://registry.npmjs.com/, tarball: https://registry.npmjs.org/balanced-match/-/balanced-match-1.0.2.tgz}
    name: balanced-match
    version: 1.0.2
    dev: true

  registry.npmjs.org/bech32/1.1.4:
    resolution: {integrity: sha512-s0IrSOzLlbvX7yp4WBfPITzpAU8sqQcpsmwXDiKwrG4r491vwCO/XpejasRNl0piBMe/DvP4Tz0mIS/X1DPJBQ==, registry: https://registry.npmjs.com/, tarball: https://registry.npmjs.org/bech32/-/bech32-1.1.4.tgz}
    name: bech32
    version: 1.1.4
    dev: false

  registry.npmjs.org/bn.js/4.12.0:
    resolution: {integrity: sha512-c98Bf3tPniI+scsdk237ku1Dc3ujXQTSgyiPUDEOe7tRkhrqridvh8klBv0HCEso1OLOYcHuCv/cS6DNxKH+ZA==, registry: https://registry.npmjs.com/, tarball: https://registry.npmjs.org/bn.js/-/bn.js-4.12.0.tgz}
    name: bn.js
    version: 4.12.0
    dev: false

  registry.npmjs.org/brace-expansion/1.1.11:
    resolution: {integrity: sha512-iCuPHDFgrHX7H2vEI/5xpz07zSHB00TpugqhmYtVmMO6518mCuRMoOYFldEBl0g187ufozdaHgWKcYFb61qGiA==, registry: https://registry.npmjs.com/, tarball: https://registry.npmjs.org/brace-expansion/-/brace-expansion-1.1.11.tgz}
    name: brace-expansion
    version: 1.1.11
    dependencies:
      balanced-match: registry.npmjs.org/balanced-match/1.0.2
      concat-map: registry.npmjs.org/concat-map/0.0.1
    dev: true

  registry.npmjs.org/brorand/1.1.0:
    resolution: {integrity: sha1-EsJe/kCkXjwyPrhnWgoM5XsiNx8=, registry: https://registry.npmjs.com/, tarball: https://registry.npmjs.org/brorand/-/brorand-1.1.0.tgz}
    name: brorand
    version: 1.1.0
    dev: false

  registry.npmjs.org/builtin-modules/3.2.0:
    resolution: {integrity: sha512-lGzLKcioL90C7wMczpkY0n/oART3MbBa8R9OFGE1rJxoVI86u4WAGfEk8Wjv10eKSyTHVGkSo3bvBylCEtk7LA==, registry: https://registry.npmjs.com/, tarball: https://registry.npmjs.org/builtin-modules/-/builtin-modules-3.2.0.tgz}
    name: builtin-modules
    version: 3.2.0
    engines: {node: '>=6'}
    dev: true

  registry.npmjs.org/commondir/1.0.1:
    resolution: {integrity: sha1-3dgA2gxmEnOTzKWVDqloo6rxJTs=, registry: https://registry.npmjs.com/, tarball: https://registry.npmjs.org/commondir/-/commondir-1.0.1.tgz}
    name: commondir
    version: 1.0.1
    dev: true

  registry.npmjs.org/concat-map/0.0.1:
    resolution: {integrity: sha1-2Klr13/Wjfd5OnMDajug1UBdR3s=, registry: https://registry.npmjs.com/, tarball: https://registry.npmjs.org/concat-map/-/concat-map-0.0.1.tgz}
    name: concat-map
    version: 0.0.1
    dev: true

  registry.npmjs.org/elliptic/6.5.4:
    resolution: {integrity: sha512-iLhC6ULemrljPZb+QutR5TQGB+pdW6KGD5RSegS+8sorOZT+rdQFbsQFJgvN3eRqNALqJer4oQ16YvJHlU8hzQ==, registry: https://registry.npmjs.com/, tarball: https://registry.npmjs.org/elliptic/-/elliptic-6.5.4.tgz}
    name: elliptic
    version: 6.5.4
    dependencies:
      bn.js: registry.npmjs.org/bn.js/4.12.0
      brorand: registry.npmjs.org/brorand/1.1.0
      hash.js: registry.npmjs.org/hash.js/1.1.7
      hmac-drbg: registry.npmjs.org/hmac-drbg/1.0.1
      inherits: registry.npmjs.org/inherits/2.0.4
      minimalistic-assert: registry.npmjs.org/minimalistic-assert/1.0.1
      minimalistic-crypto-utils: registry.npmjs.org/minimalistic-crypto-utils/1.0.1
    dev: false

  registry.npmjs.org/estree-walker/1.0.1:
    resolution: {integrity: sha512-1fMXF3YP4pZZVozF8j/ZLfvnR8NSIljt56UhbZ5PeeDmmGHpgpdwQt7ITlGvYaQukCvuBRMLEiKiYC+oeIg4cg==, registry: https://registry.npmjs.com/, tarball: https://registry.npmjs.org/estree-walker/-/estree-walker-1.0.1.tgz}
    name: estree-walker
    version: 1.0.1
    dev: true

  registry.npmjs.org/ethers/5.4.7:
    resolution: {integrity: sha512-iZc5p2nqfWK1sj8RabwsPM28cr37Bpq7ehTQ5rWExBr2Y09Sn1lDKZOED26n+TsZMye7Y6mIgQ/1cwpSD8XZew==, registry: https://registry.npmjs.com/, tarball: https://registry.npmjs.org/ethers/-/ethers-5.4.7.tgz}
    name: ethers
    version: 5.4.7
    dependencies:
      '@ethersproject/abi': registry.npmjs.org/@ethersproject/abi/5.4.1
      '@ethersproject/abstract-provider': registry.npmjs.org/@ethersproject/abstract-provider/5.4.1
      '@ethersproject/abstract-signer': registry.npmjs.org/@ethersproject/abstract-signer/5.4.1
      '@ethersproject/address': registry.npmjs.org/@ethersproject/address/5.4.0
      '@ethersproject/base64': registry.npmjs.org/@ethersproject/base64/5.4.0
      '@ethersproject/basex': registry.npmjs.org/@ethersproject/basex/5.4.0
      '@ethersproject/bignumber': registry.npmjs.org/@ethersproject/bignumber/5.4.2
      '@ethersproject/bytes': registry.npmjs.org/@ethersproject/bytes/5.4.0
      '@ethersproject/constants': registry.npmjs.org/@ethersproject/constants/5.4.0
      '@ethersproject/contracts': registry.npmjs.org/@ethersproject/contracts/5.4.1
      '@ethersproject/hash': registry.npmjs.org/@ethersproject/hash/5.4.0
      '@ethersproject/hdnode': registry.npmjs.org/@ethersproject/hdnode/5.4.0
      '@ethersproject/json-wallets': registry.npmjs.org/@ethersproject/json-wallets/5.4.0
      '@ethersproject/keccak256': registry.npmjs.org/@ethersproject/keccak256/5.4.0
      '@ethersproject/logger': registry.npmjs.org/@ethersproject/logger/5.4.1
      '@ethersproject/networks': registry.npmjs.org/@ethersproject/networks/5.4.2
      '@ethersproject/pbkdf2': registry.npmjs.org/@ethersproject/pbkdf2/5.4.0
      '@ethersproject/properties': registry.npmjs.org/@ethersproject/properties/5.4.1
      '@ethersproject/providers': registry.npmjs.org/@ethersproject/providers/5.4.5
      '@ethersproject/random': registry.npmjs.org/@ethersproject/random/5.4.0
      '@ethersproject/rlp': registry.npmjs.org/@ethersproject/rlp/5.4.0
      '@ethersproject/sha2': registry.npmjs.org/@ethersproject/sha2/5.4.0
      '@ethersproject/signing-key': registry.npmjs.org/@ethersproject/signing-key/5.4.0
      '@ethersproject/solidity': registry.npmjs.org/@ethersproject/solidity/5.4.0
      '@ethersproject/strings': registry.npmjs.org/@ethersproject/strings/5.4.0
      '@ethersproject/transactions': registry.npmjs.org/@ethersproject/transactions/5.4.0
      '@ethersproject/units': registry.npmjs.org/@ethersproject/units/5.4.0
      '@ethersproject/wallet': registry.npmjs.org/@ethersproject/wallet/5.4.0
      '@ethersproject/web': registry.npmjs.org/@ethersproject/web/5.4.0
      '@ethersproject/wordlists': registry.npmjs.org/@ethersproject/wordlists/5.4.0
    transitivePeerDependencies:
      - bufferutil
      - utf-8-validate
    dev: false

  registry.npmjs.org/fs.realpath/1.0.0:
    resolution: {integrity: sha1-FQStJSMVjKpA20onh8sBQRmU6k8=, registry: https://registry.npmjs.com/, tarball: https://registry.npmjs.org/fs.realpath/-/fs.realpath-1.0.0.tgz}
    name: fs.realpath
    version: 1.0.0
    dev: true

  registry.npmjs.org/function-bind/1.1.1:
    resolution: {integrity: sha512-yIovAzMX49sF8Yl58fSCWJ5svSLuaibPxXQJFLmBObTuCr0Mf1KiPopGM9NiFjiYBCbfaa2Fh6breQ6ANVTI0A==, registry: https://registry.npmjs.com/, tarball: https://registry.npmjs.org/function-bind/-/function-bind-1.1.1.tgz}
    name: function-bind
    version: 1.1.1
    dev: true

  registry.npmjs.org/glob/7.2.0:
    resolution: {integrity: sha512-lmLf6gtyrPq8tTjSmrO94wBeQbFR3HbLHbuyD69wuyQkImp2hWqMGB47OX65FBkPffO641IP9jWa1z4ivqG26Q==, registry: https://registry.npmjs.com/, tarball: https://registry.npmjs.org/glob/-/glob-7.2.0.tgz}
    name: glob
    version: 7.2.0
    dependencies:
      fs.realpath: registry.npmjs.org/fs.realpath/1.0.0
      inflight: registry.npmjs.org/inflight/1.0.6
      inherits: registry.npmjs.org/inherits/2.0.4
      minimatch: registry.npmjs.org/minimatch/3.0.4
      once: registry.npmjs.org/once/1.4.0
      path-is-absolute: registry.npmjs.org/path-is-absolute/1.0.1
    dev: true

  registry.npmjs.org/has/1.0.3:
    resolution: {integrity: sha512-f2dvO0VU6Oej7RkWJGrehjbzMAjFp5/VKPp5tTpWIV4JHHZK1/BxbFRtf/siA2SWTe09caDmVtYYzWEIbBS4zw==, registry: https://registry.npmjs.com/, tarball: https://registry.npmjs.org/has/-/has-1.0.3.tgz}
    name: has
    version: 1.0.3
    engines: {node: '>= 0.4.0'}
    dependencies:
      function-bind: registry.npmjs.org/function-bind/1.1.1
    dev: true

  registry.npmjs.org/hash.js/1.1.7:
    resolution: {integrity: sha512-taOaskGt4z4SOANNseOviYDvjEJinIkRgmp7LbKP2YTTmVxWBl87s/uzK9r+44BclBSp2X7K1hqeNfz9JbBeXA==, registry: https://registry.npmjs.com/, tarball: https://registry.npmjs.org/hash.js/-/hash.js-1.1.7.tgz}
    name: hash.js
    version: 1.1.7
    dependencies:
      inherits: registry.npmjs.org/inherits/2.0.4
      minimalistic-assert: registry.npmjs.org/minimalistic-assert/1.0.1
    dev: false

  registry.npmjs.org/hmac-drbg/1.0.1:
    resolution: {integrity: sha1-0nRXAQJabHdabFRXk+1QL8DGSaE=, registry: https://registry.npmjs.com/, tarball: https://registry.npmjs.org/hmac-drbg/-/hmac-drbg-1.0.1.tgz}
    name: hmac-drbg
    version: 1.0.1
    dependencies:
      hash.js: registry.npmjs.org/hash.js/1.1.7
      minimalistic-assert: registry.npmjs.org/minimalistic-assert/1.0.1
      minimalistic-crypto-utils: registry.npmjs.org/minimalistic-crypto-utils/1.0.1
    dev: false

  registry.npmjs.org/inflight/1.0.6:
    resolution: {integrity: sha1-Sb1jMdfQLQwJvJEKEHW6gWW1bfk=, registry: https://registry.npmjs.com/, tarball: https://registry.npmjs.org/inflight/-/inflight-1.0.6.tgz}
    name: inflight
    version: 1.0.6
    dependencies:
      once: registry.npmjs.org/once/1.4.0
      wrappy: registry.npmjs.org/wrappy/1.0.2
    dev: true

  registry.npmjs.org/inherits/2.0.4:
    resolution: {integrity: sha512-k/vGaX4/Yla3WzyMCvTQOXYeIHvqOKtnqBduzTHpzpQZzAskKMhZ2K+EnBiSM9zGSoIFeMpXKxa4dYeZIQqewQ==, registry: https://registry.npmjs.com/, tarball: https://registry.npmjs.org/inherits/-/inherits-2.0.4.tgz}
    name: inherits
    version: 2.0.4

  registry.npmjs.org/is-core-module/2.7.0:
    resolution: {integrity: sha512-ByY+tjCciCr+9nLryBYcSD50EOGWt95c7tIsKTG1J2ixKKXPvF7Ej3AVd+UfDydAJom3biBGDBALaO79ktwgEQ==, registry: https://registry.npmjs.com/, tarball: https://registry.npmjs.org/is-core-module/-/is-core-module-2.7.0.tgz}
    name: is-core-module
    version: 2.7.0
    dependencies:
      has: registry.npmjs.org/has/1.0.3
    dev: true

  registry.npmjs.org/is-module/1.0.0:
    resolution: {integrity: sha1-Mlj7afeMFNW4FdZkM2tM/7ZEFZE=, registry: https://registry.npmjs.com/, tarball: https://registry.npmjs.org/is-module/-/is-module-1.0.0.tgz}
    name: is-module
    version: 1.0.0
    dev: true

  registry.npmjs.org/is-reference/1.2.1:
    resolution: {integrity: sha512-U82MsXXiFIrjCK4otLT+o2NA2Cd2g5MLoOVXUZjIOhLurrRxpEXzI8O0KZHr3IjLvlAH1kTPYSuqer5T9ZVBKQ==, registry: https://registry.npmjs.com/, tarball: https://registry.npmjs.org/is-reference/-/is-reference-1.2.1.tgz}
    name: is-reference
    version: 1.2.1
    dependencies:
      '@types/estree': registry.npmjs.org/@types/estree/0.0.50
    dev: true

  registry.npmjs.org/js-sha3/0.5.7:
    resolution: {integrity: sha1-DU/9gALVMzqrr0oj7tL2N0yfKOc=, registry: https://registry.npmjs.com/, tarball: https://registry.npmjs.org/js-sha3/-/js-sha3-0.5.7.tgz}
    name: js-sha3
    version: 0.5.7
    dev: false

  registry.npmjs.org/magic-string/0.25.7:
    resolution: {integrity: sha512-4CrMT5DOHTDk4HYDlzmwu4FVCcIYI8gauveasrdCu2IKIFOJ3f0v/8MDGJCDL9oD2ppz/Av1b0Nj345H9M+XIA==, registry: https://registry.npmjs.com/, tarball: https://registry.npmjs.org/magic-string/-/magic-string-0.25.7.tgz}
    name: magic-string
    version: 0.25.7
    dependencies:
      sourcemap-codec: registry.npmjs.org/sourcemap-codec/1.4.8
    dev: true

  registry.npmjs.org/minimalistic-assert/1.0.1:
    resolution: {integrity: sha512-UtJcAD4yEaGtjPezWuO9wC4nwUnVH/8/Im3yEHQP4b67cXlD/Qr9hdITCU1xDbSEXg2XKNaP8jsReV7vQd00/A==, registry: https://registry.npmjs.com/, tarball: https://registry.npmjs.org/minimalistic-assert/-/minimalistic-assert-1.0.1.tgz}
    name: minimalistic-assert
    version: 1.0.1
    dev: false

  registry.npmjs.org/minimalistic-crypto-utils/1.0.1:
    resolution: {integrity: sha1-9sAMHAsIIkblxNmd+4x8CDsrWCo=, registry: https://registry.npmjs.com/, tarball: https://registry.npmjs.org/minimalistic-crypto-utils/-/minimalistic-crypto-utils-1.0.1.tgz}
    name: minimalistic-crypto-utils
    version: 1.0.1
    dev: false

  registry.npmjs.org/minimatch/3.0.4:
    resolution: {integrity: sha512-yJHVQEhyqPLUTgt9B83PXu6W3rx4MvvHvSUvToogpwoGDOUQ+yDrR0HRot+yOCdCO7u4hX3pWft6kWBBcqh0UA==, registry: https://registry.npmjs.com/, tarball: https://registry.npmjs.org/minimatch/-/minimatch-3.0.4.tgz}
    name: minimatch
    version: 3.0.4
    dependencies:
      brace-expansion: registry.npmjs.org/brace-expansion/1.1.11
    dev: true

  registry.npmjs.org/ms/2.1.3:
    resolution: {integrity: sha512-6FlzubTLZG3J2a/NVCAleEhjzq5oxgHyaCU9yYXvcLsvoVaHJq/s5xXI6/XXP6tz7R9xAOtHnSO/tXtF3WRTlA==, registry: https://registry.npmjs.com/, tarball: https://registry.npmjs.org/ms/-/ms-2.1.3.tgz}
    name: ms
    version: 2.1.3
    dev: false

  registry.npmjs.org/once/1.4.0:
    resolution: {integrity: sha1-WDsap3WWHUsROsF9nFC6753Xa9E=, registry: https://registry.npmjs.com/, tarball: https://registry.npmjs.org/once/-/once-1.4.0.tgz}
    name: once
    version: 1.4.0
    dependencies:
      wrappy: registry.npmjs.org/wrappy/1.0.2
    dev: true

  registry.npmjs.org/path-is-absolute/1.0.1:
    resolution: {integrity: sha1-F0uSaHNVNP+8es5r9TpanhtcX18=, registry: https://registry.npmjs.com/, tarball: https://registry.npmjs.org/path-is-absolute/-/path-is-absolute-1.0.1.tgz}
    name: path-is-absolute
    version: 1.0.1
    engines: {node: '>=0.10.0'}
    dev: true

  registry.npmjs.org/path-parse/1.0.7:
    resolution: {integrity: sha512-LDJzPVEEEPR+y48z93A0Ed0yXb8pAByGWo/k5YYdYgpY2/2EsOsksJrq7lOHxryrVOn1ejG6oAp8ahvOIQD8sw==, registry: https://registry.npmjs.com/, tarball: https://registry.npmjs.org/path-parse/-/path-parse-1.0.7.tgz}
    name: path-parse
    version: 1.0.7
    dev: true

  registry.npmjs.org/picomatch/2.3.0:
    resolution: {integrity: sha512-lY1Q/PiJGC2zOv/z391WOTD+Z02bCgsFfvxoXXf6h7kv9o+WmsmzYqrAwY63sNgOxE4xEdq0WyUnXfKeBrSvYw==, registry: https://registry.npmjs.com/, tarball: https://registry.npmjs.org/picomatch/-/picomatch-2.3.0.tgz}
    name: picomatch
    version: 2.3.0
    engines: {node: '>=8.6'}
    dev: true

  registry.npmjs.org/resolve/1.20.0:
    resolution: {integrity: sha512-wENBPt4ySzg4ybFQW2TT1zMQucPK95HSh/nq2CFTZVOGut2+pQvSsgtda4d26YrYcr067wjbmzOG8byDPBX63A==, registry: https://registry.npmjs.com/, tarball: https://registry.npmjs.org/resolve/-/resolve-1.20.0.tgz}
    name: resolve
    version: 1.20.0
    dependencies:
      is-core-module: registry.npmjs.org/is-core-module/2.7.0
      path-parse: registry.npmjs.org/path-parse/1.0.7
    dev: true

  registry.npmjs.org/rollup/1.32.1:
    resolution: {integrity: sha512-/2HA0Ec70TvQnXdzynFffkjA6XN+1e2pEv/uKS5Ulca40g2L7KuOE3riasHoNVHOsFD5KKZgDsMk1CP3Tw9s+A==, registry: https://registry.npmjs.com/, tarball: https://registry.npmjs.org/rollup/-/rollup-1.32.1.tgz}
    name: rollup
    version: 1.32.1
    hasBin: true
    dependencies:
      '@types/estree': registry.npmjs.org/@types/estree/0.0.50
      '@types/node': registry.npmjs.org/@types/node/16.10.1
      acorn: registry.npmjs.org/acorn/7.4.1
    dev: true

  registry.npmjs.org/scrypt-js/3.0.1:
    resolution: {integrity: sha512-cdwTTnqPu0Hyvf5in5asVdZocVDTNRmR7XEcJuIzMjJeSHybHl7vpB66AzwTaIg6CLSbtjcxc8fqcySfnTkccA==, registry: https://registry.npmjs.com/, tarball: https://registry.npmjs.org/scrypt-js/-/scrypt-js-3.0.1.tgz}
    name: scrypt-js
    version: 3.0.1
    dev: false

  registry.npmjs.org/sourcemap-codec/1.4.8:
    resolution: {integrity: sha512-9NykojV5Uih4lgo5So5dtw+f0JgJX30KCNI8gwhz2J9A15wD0Ml6tjHKwf6fTSa6fAdVBdZeNOs9eJ71qCk8vA==, registry: https://registry.npmjs.com/, tarball: https://registry.npmjs.org/sourcemap-codec/-/sourcemap-codec-1.4.8.tgz}
    name: sourcemap-codec
    version: 1.4.8
    dev: true

  registry.npmjs.org/wrappy/1.0.2:
    resolution: {integrity: sha1-tSQ9jz7BqjXxNkYFvA0QNuMKtp8=, registry: https://registry.npmjs.com/, tarball: https://registry.npmjs.org/wrappy/-/wrappy-1.0.2.tgz}
    name: wrappy
    version: 1.0.2
    dev: true

  registry.npmjs.org/ws/7.4.6:
    resolution: {integrity: sha512-YmhHDO4MzaDLB+M9ym/mDA5z0naX8j7SIlT8f8z+I0VtzsRbekxEutHSme7NPS2qE8StCYQNUnfWdXta/Yu85A==, registry: https://registry.npmjs.com/, tarball: https://registry.npmjs.org/ws/-/ws-7.4.6.tgz}
    name: ws
    version: 7.4.6
    engines: {node: '>=8.3.0'}
    peerDependencies:
      bufferutil: ^4.0.1
      utf-8-validate: ^5.0.2
    peerDependenciesMeta:
      bufferutil:
        optional: true
      utf-8-validate:
        optional: true
    dev: false
